
Microsoft Visual Studio Solution File, Format Version 12.00
# Visual Studio Version 17
VisualStudioVersion = 17.5.002.0
MinimumVisualStudioVersion = 10.0.40219.1
Project("{2150E333-8FDC-42A3-9474-1A3956D46DE8}") = "sandbox", "sandbox", "{46A61A9A-4AA9-4211-B078-76C8B4F51105}"
EndProject
Project("{9A19103F-16F7-4668-BE54-9A1E7A4F7556}") = "sandbox_project", "sandbox\sandbox_project\sandbox_project.csproj", "{816088C7-22E7-444A-8913-4AD84341B472}"
EndProject
Project("{2150E333-8FDC-42A3-9474-1A3956D46DE8}") = "week01", "week01", "{776804E7-2A7B-4DB4-B58C-1D7F089574CA}"
EndProject
Project("{9A19103F-16F7-4668-BE54-9A1E7A4F7556}") = "analyze", "week01\analyze\analyze.csproj", "{D3D7059F-DC2B-4613-BF99-5B3447370C9F}"
EndProject
Project("{9A19103F-16F7-4668-BE54-9A1E7A4F7556}") = "code", "week01\code\code.csproj", "{AFAC925D-BFC7-4A1F-81FD-FAC375843A9C}"
EndProject
Project("{9A19103F-16F7-4668-BE54-9A1E7A4F7556}") = "teach", "week01\teach\teach.csproj", "{A25BC9BC-FB45-496B-B8FC-4168C5A786E3}"
EndProject
Project("{2150E333-8FDC-42A3-9474-1A3956D46DE8}") = "week02", "week02", "{FF63EDA4-DBC2-4EEC-B5BE-26CE7B91DE7A}"
EndProject
Project("{9A19103F-16F7-4668-BE54-9A1E7A4F7556}") = "analyze", "week02\analyze\analyze.csproj", "{6A7928F2-ED4A-417C-94BE-2F48655DC168}"
EndProject
Project("{9A19103F-16F7-4668-BE54-9A1E7A4F7556}") = "code", "week02\code\code.csproj", "{24B67753-FF15-4842-82C4-57DF3D6E7CB9}"
EndProject
Project("{9A19103F-16F7-4668-BE54-9A1E7A4F7556}") = "learn", "week02\learn\learn.csproj", "{18DF57DC-776F-406D-96FF-0E6856123FF4}"
EndProject
Project("{9A19103F-16F7-4668-BE54-9A1E7A4F7556}") = "teach", "week02\teach\teach.csproj", "{A2CCD22B-94A9-4296-BF1B-DDF443B086AF}"
EndProject
Project("{2150E333-8FDC-42A3-9474-1A3956D46DE8}") = "week03", "week03", "{6072B495-83D8-4F4B-A4D2-79C651126699}"
EndProject
Project("{9A19103F-16F7-4668-BE54-9A1E7A4F7556}") = "code", "week03\code\code.csproj", "{71709A67-B3DD-47DD-9A0C-C65756F8A168}"
EndProject
Project("{9A19103F-16F7-4668-BE54-9A1E7A4F7556}") = "learn", "week03\learn\learn.csproj", "{0D5D0B39-9CCB-463A-91A7-E25C62040BE1}"
EndProject
Project("{9A19103F-16F7-4668-BE54-9A1E7A4F7556}") = "teach", "week03\teach\teach.csproj", "{67FD468B-1993-49F0-B490-8DC9FBC64BF4}"
EndProject
Project("{2150E333-8FDC-42A3-9474-1A3956D46DE8}") = "week04", "week04", "{F7A658D9-9F01-46BB-A808-A9263317AEAD}"
EndProject
Project("{9A19103F-16F7-4668-BE54-9A1E7A4F7556}") = "code", "week04\code\code.csproj", "{D276EA27-B6BD-4E7D-9370-934DA1C2B142}"
EndProject
Project("{2150E333-8FDC-42A3-9474-1A3956D46DE8}") = "week05", "week05", "{4A2B95CD-B116-4F00-85BE-3CDB80830B12}"
EndProject
Project("{9A19103F-16F7-4668-BE54-9A1E7A4F7556}") = "code", "week05\code\code.csproj", "{860A4700-A4DD-48A6-9810-1E2F5FDE8FD7}"
EndProject
Project("{2150E333-8FDC-42A3-9474-1A3956D46DE8}") = "week06", "week06", "{21D010D9-4D5B-4AB4-A994-2373BA84B505}"
EndProject
Project("{9A19103F-16F7-4668-BE54-9A1E7A4F7556}") = "code", "week06\code\code.csproj", "{5A637224-16AC-456D-8D14-83FB27A588F2}"
EndProject
Global
	GlobalSection(SolutionConfigurationPlatforms) = preSolution
		Debug|Any CPU = Debug|Any CPU
		Release|Any CPU = Release|Any CPU
	EndGlobalSection
	GlobalSection(ProjectConfigurationPlatforms) = postSolution
		{816088C7-22E7-444A-8913-4AD84341B472}.Debug|Any CPU.ActiveCfg = Debug|Any CPU
		{816088C7-22E7-444A-8913-4AD84341B472}.Debug|Any CPU.Build.0 = Debug|Any CPU
		{816088C7-22E7-444A-8913-4AD84341B472}.Release|Any CPU.ActiveCfg = Release|Any CPU
		{816088C7-22E7-444A-8913-4AD84341B472}.Release|Any CPU.Build.0 = Release|Any CPU
		{D3D7059F-DC2B-4613-BF99-5B3447370C9F}.Debug|Any CPU.ActiveCfg = Debug|Any CPU
		{D3D7059F-DC2B-4613-BF99-5B3447370C9F}.Debug|Any CPU.Build.0 = Debug|Any CPU
		{D3D7059F-DC2B-4613-BF99-5B3447370C9F}.Release|Any CPU.ActiveCfg = Release|Any CPU
		{D3D7059F-DC2B-4613-BF99-5B3447370C9F}.Release|Any CPU.Build.0 = Release|Any CPU
		{AFAC925D-BFC7-4A1F-81FD-FAC375843A9C}.Debug|Any CPU.ActiveCfg = Debug|Any CPU
		{AFAC925D-BFC7-4A1F-81FD-FAC375843A9C}.Debug|Any CPU.Build.0 = Debug|Any CPU
		{AFAC925D-BFC7-4A1F-81FD-FAC375843A9C}.Release|Any CPU.ActiveCfg = Release|Any CPU
		{AFAC925D-BFC7-4A1F-81FD-FAC375843A9C}.Release|Any CPU.Build.0 = Release|Any CPU
		{A25BC9BC-FB45-496B-B8FC-4168C5A786E3}.Debug|Any CPU.ActiveCfg = Debug|Any CPU
		{A25BC9BC-FB45-496B-B8FC-4168C5A786E3}.Debug|Any CPU.Build.0 = Debug|Any CPU
		{A25BC9BC-FB45-496B-B8FC-4168C5A786E3}.Release|Any CPU.ActiveCfg = Release|Any CPU
		{A25BC9BC-FB45-496B-B8FC-4168C5A786E3}.Release|Any CPU.Build.0 = Release|Any CPU
		{6A7928F2-ED4A-417C-94BE-2F48655DC168}.Debug|Any CPU.ActiveCfg = Debug|Any CPU
		{6A7928F2-ED4A-417C-94BE-2F48655DC168}.Debug|Any CPU.Build.0 = Debug|Any CPU
		{6A7928F2-ED4A-417C-94BE-2F48655DC168}.Release|Any CPU.ActiveCfg = Release|Any CPU
		{6A7928F2-ED4A-417C-94BE-2F48655DC168}.Release|Any CPU.Build.0 = Release|Any CPU
		{24B67753-FF15-4842-82C4-57DF3D6E7CB9}.Debug|Any CPU.ActiveCfg = Debug|Any CPU
		{24B67753-FF15-4842-82C4-57DF3D6E7CB9}.Debug|Any CPU.Build.0 = Debug|Any CPU
		{24B67753-FF15-4842-82C4-57DF3D6E7CB9}.Release|Any CPU.ActiveCfg = Release|Any CPU
		{24B67753-FF15-4842-82C4-57DF3D6E7CB9}.Release|Any CPU.Build.0 = Release|Any CPU
		{18DF57DC-776F-406D-96FF-0E6856123FF4}.Debug|Any CPU.ActiveCfg = Debug|Any CPU
		{18DF57DC-776F-406D-96FF-0E6856123FF4}.Debug|Any CPU.Build.0 = Debug|Any CPU
		{18DF57DC-776F-406D-96FF-0E6856123FF4}.Release|Any CPU.ActiveCfg = Release|Any CPU
		{18DF57DC-776F-406D-96FF-0E6856123FF4}.Release|Any CPU.Build.0 = Release|Any CPU
		{A2CCD22B-94A9-4296-BF1B-DDF443B086AF}.Debug|Any CPU.ActiveCfg = Debug|Any CPU
		{A2CCD22B-94A9-4296-BF1B-DDF443B086AF}.Debug|Any CPU.Build.0 = Debug|Any CPU
		{A2CCD22B-94A9-4296-BF1B-DDF443B086AF}.Release|Any CPU.ActiveCfg = Release|Any CPU
		{A2CCD22B-94A9-4296-BF1B-DDF443B086AF}.Release|Any CPU.Build.0 = Release|Any CPU
		{71709A67-B3DD-47DD-9A0C-C65756F8A168}.Debug|Any CPU.ActiveCfg = Debug|Any CPU
		{71709A67-B3DD-47DD-9A0C-C65756F8A168}.Debug|Any CPU.Build.0 = Debug|Any CPU
		{71709A67-B3DD-47DD-9A0C-C65756F8A168}.Release|Any CPU.ActiveCfg = Release|Any CPU
		{71709A67-B3DD-47DD-9A0C-C65756F8A168}.Release|Any CPU.Build.0 = Release|Any CPU
		{0D5D0B39-9CCB-463A-91A7-E25C62040BE1}.Debug|Any CPU.ActiveCfg = Debug|Any CPU
		{0D5D0B39-9CCB-463A-91A7-E25C62040BE1}.Debug|Any CPU.Build.0 = Debug|Any CPU
		{0D5D0B39-9CCB-463A-91A7-E25C62040BE1}.Release|Any CPU.ActiveCfg = Release|Any CPU
		{0D5D0B39-9CCB-463A-91A7-E25C62040BE1}.Release|Any CPU.Build.0 = Release|Any CPU
		{67FD468B-1993-49F0-B490-8DC9FBC64BF4}.Debug|Any CPU.ActiveCfg = Debug|Any CPU
		{67FD468B-1993-49F0-B490-8DC9FBC64BF4}.Debug|Any CPU.Build.0 = Debug|Any CPU
		{67FD468B-1993-49F0-B490-8DC9FBC64BF4}.Release|Any CPU.ActiveCfg = Release|Any CPU
		{67FD468B-1993-49F0-B490-8DC9FBC64BF4}.Release|Any CPU.Build.0 = Release|Any CPU
		{D276EA27-B6BD-4E7D-9370-934DA1C2B142}.Debug|Any CPU.ActiveCfg = Debug|Any CPU
		{D276EA27-B6BD-4E7D-9370-934DA1C2B142}.Debug|Any CPU.Build.0 = Debug|Any CPU
		{D276EA27-B6BD-4E7D-9370-934DA1C2B142}.Release|Any CPU.ActiveCfg = Release|Any CPU
		{D276EA27-B6BD-4E7D-9370-934DA1C2B142}.Release|Any CPU.Build.0 = Release|Any CPU
		{860A4700-A4DD-48A6-9810-1E2F5FDE8FD7}.Debug|Any CPU.ActiveCfg = Debug|Any CPU
		{860A4700-A4DD-48A6-9810-1E2F5FDE8FD7}.Debug|Any CPU.Build.0 = Debug|Any CPU
		{860A4700-A4DD-48A6-9810-1E2F5FDE8FD7}.Release|Any CPU.ActiveCfg = Release|Any CPU
		{860A4700-A4DD-48A6-9810-1E2F5FDE8FD7}.Release|Any CPU.Build.0 = Release|Any CPU
		{5A637224-16AC-456D-8D14-83FB27A588F2}.Debug|Any CPU.ActiveCfg = Debug|Any CPU
		{5A637224-16AC-456D-8D14-83FB27A588F2}.Debug|Any CPU.Build.0 = Debug|Any CPU
		{5A637224-16AC-456D-8D14-83FB27A588F2}.Release|Any CPU.ActiveCfg = Release|Any CPU
		{5A637224-16AC-456D-8D14-83FB27A588F2}.Release|Any CPU.Build.0 = Release|Any CPU
	EndGlobalSection
	GlobalSection(SolutionProperties) = preSolution
		HideSolutionNode = FALSE
	EndGlobalSection
	GlobalSection(NestedProjects) = preSolution
		{816088C7-22E7-444A-8913-4AD84341B472} = {46A61A9A-4AA9-4211-B078-76C8B4F51105}
		{D3D7059F-DC2B-4613-BF99-5B3447370C9F} = {776804E7-2A7B-4DB4-B58C-1D7F089574CA}
		{AFAC925D-BFC7-4A1F-81FD-FAC375843A9C} = {776804E7-2A7B-4DB4-B58C-1D7F089574CA}
		{A25BC9BC-FB45-496B-B8FC-4168C5A786E3} = {776804E7-2A7B-4DB4-B58C-1D7F089574CA}
		{6A7928F2-ED4A-417C-94BE-2F48655DC168} = {FF63EDA4-DBC2-4EEC-B5BE-26CE7B91DE7A}
		{24B67753-FF15-4842-82C4-57DF3D6E7CB9} = {FF63EDA4-DBC2-4EEC-B5BE-26CE7B91DE7A}
		{18DF57DC-776F-406D-96FF-0E6856123FF4} = {FF63EDA4-DBC2-4EEC-B5BE-26CE7B91DE7A}
		{A2CCD22B-94A9-4296-BF1B-DDF443B086AF} = {FF63EDA4-DBC2-4EEC-B5BE-26CE7B91DE7A}
		{71709A67-B3DD-47DD-9A0C-C65756F8A168} = {6072B495-83D8-4F4B-A4D2-79C651126699}
		{0D5D0B39-9CCB-463A-91A7-E25C62040BE1} = {6072B495-83D8-4F4B-A4D2-79C651126699}
		{67FD468B-1993-49F0-B490-8DC9FBC64BF4} = {6072B495-83D8-4F4B-A4D2-79C651126699}
		{D276EA27-B6BD-4E7D-9370-934DA1C2B142} = {F7A658D9-9F01-46BB-A808-A9263317AEAD}
		{860A4700-A4DD-48A6-9810-1E2F5FDE8FD7} = {4A2B95CD-B116-4F00-85BE-3CDB80830B12}
		{5A637224-16AC-456D-8D14-83FB27A588F2} = {21D010D9-4D5B-4AB4-A994-2373BA84B505}
	EndGlobalSection
	GlobalSection(ExtensibilityGlobals) = postSolution
		SolutionGuid = {2920D66A-E266-416F-B5AC-FC705A8A37F5}
	EndGlobalSection
EndGlobal
